PODS:
  - Flutter (1.0.0)
  - lcfarm_flutter_umeng (0.0.1):
    - Flutter
    - UMCCommon (~> 7.1.0)
  - UMCCommon (7.1.0)

DEPENDENCIES:
  - Flutter (from `Flutter`)
  - lcfarm_flutter_umeng (from `.symlinks/plugins/lcfarm_flutter_umeng/ios`)

SPEC REPOS:
  trunk:
    - UMCCommon

EXTERNAL SOURCES:
  Flutter:
    :path: Flutter
  lcfarm_flutter_umeng:
    :path: ".symlinks/plugins/lcfarm_flutter_umeng/ios"

SPEC CHECKSUMS:
  Flutter: 0e3d915762c693b495b44d77113d4970485de6ec
  lcfarm_flutter_umeng: bfcb0b0939a5c375dc2d68f02db64d6b7c2fc674
  UMCCommon: 4e80f93492d300245683236668763dc5d0b04dbd

PODFILE CHECKSUM: c34e2287a9ccaa606aeceab922830efb9a6ff69a

COCOAPODS: 1.9.2
